// !$*UTF8*$!
{
	archiveVersion = 1;
	classes = {
	};
	objectVersion = 46;
	objects = {

/* Begin PBXBuildFile section */
		2B6DB1E61F20EDB700665E3A /* AppDelegate.swift in Sources */ = {isa = PBXBuildFile; fileRef = 2B6DB1E51F20EDB700665E3A /* AppDelegate.swift */; };
		2B6DB1E81F20EDB700665E3A /* ViewController.swift in Sources */ = {isa = PBXBuildFile; fileRef = 2B6DB1E71F20EDB700665E3A /* ViewController.swift */; };
		2B6DB1ED1F20EDB700665E3A /* Assets.xcassets in Resources */ = {isa = PBXBuildFile; fileRef = 2B6DB1EC1F20EDB700665E3A /* Assets.xcassets */; };
		2B6DB1F01F20EDB700665E3A /* LaunchScreen.storyboard in Resources */ = {isa = PBXBuildFile; fileRef = 2B6DB1EE1F20EDB700665E3A /* LaunchScreen.storyboard */; };
		D06C0746CA9F534ACF0185FD /* libPods-AerisSDKDemo-Swift.a in Frameworks */ = {isa = PBXBuildFile; fileRef = 5EF92446321D9146E79577D4 /* libPods-AerisSDKDemo-Swift.a */; };
/* End PBXBuildFile section */

/* Begin PBXFileReference section */
		2B6DB1E21F20EDB700665E3A /* AerisSDKDemo-Swift.app */ = {isa = PBXFileReference; explicitFileType = wrapper.application; includeInIndex = 0; path = "AerisSDKDemo-Swift.app"; sourceTree = BUILT_PRODUCTS_DIR; };
		2B6DB1E51F20EDB700665E3A /* AppDelegate.swift */ = {isa = PBXFileReference; lastKnownFileType = sourcecode.swift; path = AppDelegate.swift; sourceTree = "<group>"; };
		2B6DB1E71F20EDB700665E3A /* ViewController.swift */ = {isa = PBXFileReference; lastKnownFileType = sourcecode.swift; path = ViewController.swift; sourceTree = "<group>"; };
		2B6DB1EC1F20EDB700665E3A /* Assets.xcassets */ = {isa = PBXFileReference; lastKnownFileType = folder.assetcatalog; path = Assets.xcassets; sourceTree = "<group>"; };
		2B6DB1EF1F20EDB700665E3A /* Base */ = {isa = PBXFileReference; lastKnownFileType = file.storyboard; name = Base; path = Base.lproj/LaunchScreen.storyboard; sourceTree = "<group>"; };
		2B6DB1F11F20EDB700665E3A /* Info.plist */ = {isa = PBXFileReference; lastKnownFileType = text.plist.xml; path = Info.plist; sourceTree = "<group>"; };
		2B6DB2031F20F06800665E3A /* AerisSDKDemo-Swift-Bridging-Header.h */ = {isa = PBXFileReference; lastKnownFileType = sourcecode.c.h; path = "AerisSDKDemo-Swift-Bridging-Header.h"; sourceTree = "<group>"; };
		51E50914BAEA5C24BEB2E5ED /* Pods-AerisSDKDemo-Swift.debug.xcconfig */ = {isa = PBXFileReference; includeInIndex = 1; lastKnownFileType = text.xcconfig; name = "Pods-AerisSDKDemo-Swift.debug.xcconfig"; path = "../Pods/Target Support Files/Pods-AerisSDKDemo-Swift/Pods-AerisSDKDemo-Swift.debug.xcconfig"; sourceTree = "<group>"; };
		5EF92446321D9146E79577D4 /* libPods-AerisSDKDemo-Swift.a */ = {isa = PBXFileReference; explicitFileType = archive.ar; includeInIndex = 0; path = "libPods-AerisSDKDemo-Swift.a"; sourceTree = BUILT_PRODUCTS_DIR; };
		DAB8FDB4DBC938F4B550925C /* Pods-AerisSDKDemo-Swift.release.xcconfig */ = {isa = PBXFileReference; includeInIndex = 1; lastKnownFileType = text.xcconfig; name = "Pods-AerisSDKDemo-Swift.release.xcconfig"; path = "../Pods/Target Support Files/Pods-AerisSDKDemo-Swift/Pods-AerisSDKDemo-Swift.release.xcconfig"; sourceTree = "<group>"; };
/* End PBXFileReference section */

/* Begin PBXFrameworksBuildPhase section */
		2B6DB1DF1F20EDB700665E3A /* Frameworks */ = {
			isa = PBXFrameworksBuildPhase;
			buildActionMask = 2147483647;
			files = (
				D06C0746CA9F534ACF0185FD /* libPods-AerisSDKDemo-Swift.a in Frameworks */,
			);
			runOnlyForDeploymentPostprocessing = 0;
		};
/* End PBXFrameworksBuildPhase section */

/* Begin PBXGroup section */
		2B6DB1D91F20EDB700665E3A = {
			isa = PBXGroup;
			children = (
				2B6DB1E41F20EDB700665E3A /* AerisSDKDemo-Swift */,
				2B6DB1E31F20EDB700665E3A /* Products */,
				B3869598F0B5E3052FAF7837 /* Pods */,
				B4031733B0C886241B328011 /* Frameworks */,
			);
			sourceTree = "<group>";
		};
		2B6DB1E31F20EDB700665E3A /* Products */ = {
			isa = PBXGroup;
			children = (
				2B6DB1E21F20EDB700665E3A /* AerisSDKDemo-Swift.app */,
			);
			name = Products;
			sourceTree = "<group>";
		};
		2B6DB1E41F20EDB700665E3A /* AerisSDKDemo-Swift */ = {
			isa = PBXGroup;
			children = (
				2B6DB1E51F20EDB700665E3A /* AppDelegate.swift */,
				2B6DB1E71F20EDB700665E3A /* ViewController.swift */,
				2B6DB1EC1F20EDB700665E3A /* Assets.xcassets */,
				2B6DB1EE1F20EDB700665E3A /* LaunchScreen.storyboard */,
				2B6DB1F11F20EDB700665E3A /* Info.plist */,
				2B6DB2031F20F06800665E3A /* AerisSDKDemo-Swift-Bridging-Header.h */,
			);
			path = "AerisSDKDemo-Swift";
			sourceTree = "<group>";
		};
		B3869598F0B5E3052FAF7837 /* Pods */ = {
			isa = PBXGroup;
			children = (
				51E50914BAEA5C24BEB2E5ED /* Pods-AerisSDKDemo-Swift.debug.xcconfig */,
				DAB8FDB4DBC938F4B550925C /* Pods-AerisSDKDemo-Swift.release.xcconfig */,
			);
			name = Pods;
			sourceTree = "<group>";
		};
		B4031733B0C886241B328011 /* Frameworks */ = {
			isa = PBXGroup;
			children = (
				5EF92446321D9146E79577D4 /* libPods-AerisSDKDemo-Swift.a */,
			);
			name = Frameworks;
			sourceTree = "<group>";
		};
/* End PBXGroup section */

/* Begin PBXNativeTarget section */
		2B6DB1E11F20EDB700665E3A /* AerisSDKDemo-Swift */ = {
			isa = PBXNativeTarget;
			buildConfigurationList = 2B6DB1F41F20EDB700665E3A /* Build configuration list for PBXNativeTarget "AerisSDKDemo-Swift" */;
			buildPhases = (
				DF3A1B16E76758A11E94B208 /* [CP] Check Pods Manifest.lock */,
				2B6DB1DE1F20EDB700665E3A /* Sources */,
				2B6DB1DF1F20EDB700665E3A /* Frameworks */,
				2B6DB1E01F20EDB700665E3A /* Resources */,
				8D9FA2F961FBE37C02725E96 /* [CP] Embed Pods Frameworks */,
				D994A02BF6C7ED6769B9F3F2 /* [CP] Copy Pods Resources */,
			);
			buildRules = (
			);
			dependencies = (
			);
			name = "AerisSDKDemo-Swift";
			productName = "AerisSDKDemo-Swift";
			productReference = 2B6DB1E21F20EDB700665E3A /* AerisSDKDemo-Swift.app */;
			productType = "com.apple.product-type.application";
		};
/* End PBXNativeTarget section */

/* Begin PBXProject section */
		2B6DB1DA1F20EDB700665E3A /* Project object */ = {
			isa = PBXProject;
			attributes = {
				LastSwiftUpdateCheck = 0830;
				LastUpgradeCheck = 0830;
				ORGANIZATIONNAME = "AerisWeather, LLC";
				TargetAttributes = {
					2B6DB1E11F20EDB700665E3A = {
						CreatedOnToolsVersion = 8.3.3;
						DevelopmentTeam = A2Y62FY5H3;
						LastSwiftMigration = 0830;
						ProvisioningStyle = Automatic;
					};
				};
			};
			buildConfigurationList = 2B6DB1DD1F20EDB700665E3A /* Build configuration list for PBXProject "AerisSDKDemo-Swift" */;
			compatibilityVersion = "Xcode 3.2";
			developmentRegion = English;
			hasScannedForEncodings = 0;
			knownRegions = (
				en,
				Base,
			);
			mainGroup = 2B6DB1D91F20EDB700665E3A;
			productRefGroup = 2B6DB1E31F20EDB700665E3A /* Products */;
			projectDirPath = "";
			projectRoot = "";
			targets = (
				2B6DB1E11F20EDB700665E3A /* AerisSDKDemo-Swift */,
			);
		};
/* End PBXProject section */

/* Begin PBXResourcesBuildPhase section */
		2B6DB1E01F20EDB700665E3A /* Resources */ = {
			isa = PBXResourcesBuildPhase;
			buildActionMask = 2147483647;
			files = (
				2B6DB1F01F20EDB700665E3A /* LaunchScreen.storyboard in Resources */,
				2B6DB1ED1F20EDB700665E3A /* Assets.xcassets in Resources */,
			);
			runOnlyForDeploymentPostprocessing = 0;
		};
/* End PBXResourcesBuildPhase section */

/* Begin PBXShellScriptBuildPhase section */
		8D9FA2F961FBE37C02725E96 /* [CP] Embed Pods Frameworks */ = {
			isa = PBXShellScriptBuildPhase;
			buildActionMask = 2147483647;
			files = (
			);
			inputPaths = (
			);
			name = "[CP] Embed Pods Frameworks";
			outputPaths = (
			);
			runOnlyForDeploymentPostprocessing = 0;
			shellPath = /bin/sh;
			shellScript = "\"${SRCROOT}/../Pods/Target Support Files/Pods-AerisSDKDemo-Swift/Pods-AerisSDKDemo-Swift-frameworks.sh\"\n";
			showEnvVarsInLog = 0;
		};
		D994A02BF6C7ED6769B9F3F2 /* [CP] Copy Pods Resources */ = {
			isa = PBXShellScriptBuildPhase;
			buildActionMask = 2147483647;
			files = (
			);
			inputPaths = (
			);
			name = "[CP] Copy Pods Resources";
			outputPaths = (
			);
			runOnlyForDeploymentPostprocessing = 0;
			shellPath = /bin/sh;
			shellScript = "\"${SRCROOT}/../Pods/Target Support Files/Pods-AerisSDKDemo-Swift/Pods-AerisSDKDemo-Swift-resources.sh\"\n";
			showEnvVarsInLog = 0;
		};
		DF3A1B16E76758A11E94B208 /* [CP] Check Pods Manifest.lock */ = {
			isa = PBXShellScriptBuildPhase;
			buildActionMask = 2147483647;
			files = (
			);
			inputPaths = (
			);
			name = "[CP] Check Pods Manifest.lock";
			outputPaths = (
			);
			runOnlyForDeploymentPostprocessing = 0;
			shellPath = /bin/sh;
			shellScript = "diff \"${PODS_PODFILE_DIR_PATH}/Podfile.lock\" \"${PODS_ROOT}/Manifest.lock\" > /dev/null\nif [ $? != 0 ] ; then\n    # print error to STDERR\n    echo \"error: The sandbox is not in sync with the Podfile.lock. Run 'pod install' or update your CocoaPods installation.\" >&2\n    exit 1\nfi\n";
			showEnvVarsInLog = 0;
		};
/* End PBXShellScriptBuildPhase section */

/* Begin PBXSourcesBuildPhase section */
		2B6DB1DE1F20EDB700665E3A /* Sources */ = {
			isa = PBXSourcesBuildPhase;
			buildActionMask = 2147483647;
			files = (
				2B6DB1E81F20EDB700665E3A /* ViewController.swift in Sources */,
				2B6DB1E61F20EDB700665E3A /* AppDelegate.swift in Sources */,
			);
			runOnlyForDeploymentPostprocessing = 0;
		};
/* End PBXSourcesBuildPhase section */

/* Begin PBXVariantGroup section */
		2B6DB1EE1F20EDB700665E3A /* LaunchScreen.storyboard */ = {
			isa = PBXVariantGroup;
			children = (
				2B6DB1EF1F20EDB700665E3A /* Base */,
			);
			name = LaunchScreen.storyboard;
			sourceTree = "<group>";
		};
/* End PBXVariantGroup section */

/* Begin XCBuildConfiguration section */
		2B6DB1F21F20EDB700665E3A /* Debug */ = {
			isa = XCBuildConfiguration;
			buildSettings = {
				ALWAYS_SEARCH_USER_PATHS = NO;
				CLANG_ANALYZER_NONNULL = YES;
				CLANG_ANALYZER_NUMBER_OBJECT_CONVERSION = YES_AGGRESSIVE;
				CLANG_CXX_LANGUAGE_STANDARD = "gnu++0x";
				CLANG_CXX_LIBRARY = "libc++";
				CLANG_ENABLE_MODULES = YES;
				CLANG_ENABLE_OBJC_ARC = YES;
				CLANG_WARN_BOOL_CONVERSION = YES;
				CLANG_WARN_CONSTANT_CONVERSION = YES;
				CLANG_WARN_DIRECT_OBJC_ISA_USAGE = YES_ERROR;
				CLANG_WARN_DOCUMENTATION_COMMENTS = YES;
				CLANG_WARN_EMPTY_BODY = YES;
				CLANG_WARN_ENUM_CONVERSION = YES;
				CLANG_WARN_INFINITE_RECURSION = YES;
				CLANG_WARN_INT_CONVERSION = YES;
				CLANG_WARN_OBJC_ROOT_CLASS = YES_ERROR;
				CLANG_WARN_SUSPICIOUS_MOVE = YES;
				CLANG_WARN_UNREACHABLE_CODE = YES;
				CLANG_WARN__DUPLICATE_METHOD_MATCH = YES;
				"CODE_SIGN_IDENTITY[sdk=iphoneos*]" = "iPhone Developer";
				COPY_PHASE_STRIP = NO;
				DEBUG_INFORMATION_FORMAT = dwarf;
				ENABLE_STRICT_OBJC_MSGSEND = YES;
				ENABLE_TESTABILITY = YES;
				GCC_C_LANGUAGE_STANDARD = gnu99;
				GCC_DYNAMIC_NO_PIC = NO;
				GCC_NO_COMMON_BLOCKS = YES;
				GCC_OPTIMIZATION_LEVEL = 0;
				GCC_PREPROCESSOR_DEFINITIONS = (
					"DEBUG=1",
					"$(inherited)",
				);
				GCC_WARN_64_TO_32_BIT_CONVERSION = YES;
				GCC_WARN_ABOUT_RETURN_TYPE = YES_ERROR;
				GCC_WARN_UNDECLARED_SELECTOR = YES;
				GCC_WARN_UNINITIALIZED_AUTOS = YES_AGGRESSIVE;
				GCC_WARN_UNUSED_FUNCTION = YES;
				GCC_WARN_UNUSED_VARIABLE = YES;
				IPHONEOS_DEPLOYMENT_TARGET = 10.3;
				MTL_ENABLE_DEBUG_INFO = YES;
				ONLY_ACTIVE_ARCH = YES;
				SDKROOT = iphoneos;
				SWIFT_ACTIVE_COMPILATION_CONDITIONS = DEBUG;
				SWIFT_OPTIMIZATION_LEVEL = "-Onone";
			};
			name = Debug;
		};
		2B6DB1F31F20EDB700665E3A /* Release */ = {
			isa = XCBuildConfiguration;
			buildSettings = {
				ALWAYS_SEARCH_USER_PATHS = NO;
				CLANG_ANALYZER_NONNULL = YES;
				CLANG_ANALYZER_NUMBER_OBJECT_CONVERSION = YES_AGGRESSIVE;
				CLANG_CXX_LANGUAGE_STANDARD = "gnu++0x";
				CLANG_CXX_LIBRARY = "libc++";
				CLANG_ENABLE_MODULES = YES;
				CLANG_ENABLE_OBJC_ARC = YES;
				CLANG_WARN_BOOL_CONVERSION = YES;
				CLANG_WARN_CONSTANT_CONVERSION = YES;
				CLANG_WARN_DIRECT_OBJC_ISA_USAGE = YES_ERROR;
				CLANG_WARN_DOCUMENTATION_COMMENTS = YES;
				CLANG_WARN_EMPTY_BODY = YES;
				CLANG_WARN_ENUM_CONVERSION = YES;
				CLANG_WARN_INFINITE_RECURSION = YES;
				CLANG_WARN_INT_CONVERSION = YES;
				CLANG_WARN_OBJC_ROOT_CLASS = YES_ERROR;
				CLANG_WARN_SUSPICIOUS_MOVE = YES;
				CLANG_WARN_UNREACHABLE_CODE = YES;
				CLANG_WARN__DUPLICATE_METHOD_MATCH = YES;
				"CODE_SIGN_IDENTITY[sdk=iphoneos*]" = "iPhone Developer";
				COPY_PHASE_STRIP = NO;
				DEBUG_INFORMATION_FORMAT = "dwarf-with-dsym";
				ENABLE_NS_ASSERTIONS = NO;
				ENABLE_STRICT_OBJC_MSGSEND = YES;
				GCC_C_LANGUAGE_STANDARD = gnu99;
				GCC_NO_COMMON_BLOCKS = YES;
				GCC_WARN_64_TO_32_BIT_CONVERSION = YES;
				GCC_WARN_ABOUT_RETURN_TYPE = YES_ERROR;
				GCC_WARN_UNDECLARED_SELECTOR = YES;
				GCC_WARN_UNINITIALIZED_AUTOS = YES_AGGRESSIVE;
				GCC_WARN_UNUSED_FUNCTION = YES;
				GCC_WARN_UNUSED_VARIABLE = YES;
				IPHONEOS_DEPLOYMENT_TARGET = 10.3;
				MTL_ENABLE_DEBUG_INFO = NO;
				SDKROOT = iphoneos;
				SWIFT_OPTIMIZATION_LEVEL = "-Owholemodule";
				VALIDATE_PRODUCT = YES;
			};
			name = Release;
		};
		2B6DB1F51F20EDB700665E3A /* Debug */ = {
			isa = XCBuildConfiguration;
			baseConfigurationReference = 51E50914BAEA5C24BEB2E5ED /* Pods-AerisSDKDemo-Swift.debug.xcconfig */;
			buildSettings = {
				ASSETCATALOG_COMPILER_APPICON_NAME = AppIcon;
				CLANG_ENABLE_MODULES = YES;
				DEVELOPMENT_TEAM = A2Y62FY5H3;
				INFOPLIST_FILE = "AerisSDKDemo-Swift/Info.plist";
				LD_RUNPATH_SEARCH_PATHS = "$(inherited) @executable_path/Frameworks";
				PRODUCT_BUNDLE_IDENTIFIER = "com.aerisweather.AerisSDKDemo-Swift";
				PRODUCT_NAME = "$(TARGET_NAME)";
				SWIFT_OBJC_BRIDGING_HEADER = "AerisSDKDemo-Swift/AerisSDKDemo-Swift-Bridging-Header.h";
				SWIFT_OPTIMIZATION_LEVEL = "-Onone";
				SWIFT_VERSION = 3.0;
			};
			name = Debug;
		};
		2B6DB1F61F20EDB700665E3A /* Release */ = {
			isa = XCBuildConfiguration;
			baseConfigurationReference = DAB8FDB4DBC938F4B550925C /* Pods-AerisSDKDemo-Swift.release.xcconfig */;
			buildSettings = {
				ASSETCATALOG_COMPILER_APPICON_NAME = AppIcon;
				CLANG_ENABLE_MODULES = YES;
				DEVELOPMENT_TEAM = A2Y62FY5H3;
				INFOPLIST_FILE = "AerisSDKDemo-Swift/Info.plist";
				LD_RUNPATH_SEARCH_PATHS = "$(inherited) @executable_path/Frameworks";
				PRODUCT_BUNDLE_IDENTIFIER = "com.aerisweather.AerisSDKDemo-Swift";
				PRODUCT_NAME = "$(TARGET_NAME)";
				SWIFT_OBJC_BRIDGING_HEADER = "AerisSDKDemo-Swift/AerisSDKDemo-Swift-Bridging-Header.h";
				SWIFT_VERSION = 3.0;
			};
			name = Release;
		};
/* End XCBuildConfiguration section */

/* Begin XCConfigurationList section */
		2B6DB1DD1F20EDB700665E3A /* Build configuration list for PBXProject "AerisSDKDemo-Swift" */ = {
			isa = XCConfigurationList;
			buildConfigurations = (
				2B6DB1F21F20EDB700665E3A /* Debug */,
				2B6DB1F31F20EDB700665E3A /* Release */,
			);
			defaultConfigurationIsVisible = 0;
			defaultConfigurationName = Release;
		};
		2B6DB1F41F20EDB700665E3A /* Build configuration list for PBXNativeTarget "AerisSDKDemo-Swift" */ = {
			isa = XCConfigurationList;
			buildConfigurations = (
				2B6DB1F51F20EDB700665E3A /* Debug */,
				2B6DB1F61F20EDB700665E3A /* Release */,
			);
			defaultConfigurationIsVisible = 0;
			defaultConfigurationName = Release;
		};
/* End XCConfigurationList section */
	};
	rootObject = 2B6DB1DA1F20EDB700665E3A /* Project object */;
}
