// !$*UTF8*$!
{
	archiveVersion = 1;
	classes = {
	};
	objectVersion = 46;
	objects = {

/* Begin PBXBuildFile section */
		2BA9DB881BF51A4D003D664F /* AppDelegate.m in Sources */ = {isa = PBXBuildFile; fileRef = 2BA9DB201BF51A4D003D664F /* AppDelegate.m */; };
		2BA9DB891BF51A4D003D664F /* AppleMapViewController.m in Sources */ = {isa = PBXBuildFile; fileRef = 2BA9DB221BF51A4D003D664F /* AppleMapViewController.m */; };
		2BA9DB8A1BF51A4D003D664F /* BarGraphsViewController.m in Sources */ = {isa = PBXBuildFile; fileRef = 2BA9DB241BF51A4D003D664F /* BarGraphsViewController.m */; };
		2BA9DB8B1BF51A4D003D664F /* CatalogViewController.m in Sources */ = {isa = PBXBuildFile; fileRef = 2BA9DB261BF51A4D003D664F /* CatalogViewController.m */; };
		2BA9DB8C1BF51A4D003D664F /* Globals.m in Sources */ = {isa = PBXBuildFile; fileRef = 2BA9DB2A1BF51A4D003D664F /* Globals.m */; };
		2BA9DB8D1BF51A4D003D664F /* GoogleMapViewController.m in Sources */ = {isa = PBXBuildFile; fileRef = 2BA9DB2C1BF51A4D003D664F /* GoogleMapViewController.m */; };
		2BA9DB8E1BF51A4D003D664F /* GraphViewController.m in Sources */ = {isa = PBXBuildFile; fileRef = 2BA9DB2E1BF51A4D003D664F /* GraphViewController.m */; };
		2BA9DB8F1BF51A4D003D664F /* GroupedListingViewController.m in Sources */ = {isa = PBXBuildFile; fileRef = 2BA9DB301BF51A4D003D664F /* GroupedListingViewController.m */; };
		2BA9DB901BF51A4D003D664F /* BarGraphsViewController_iPad.m in Sources */ = {isa = PBXBuildFile; fileRef = 2BA9DB331BF51A4D003D664F /* BarGraphsViewController_iPad.m */; };
		2BA9DB911BF51A4D003D664F /* DetailedWeatherViewController_iPad.m in Sources */ = {isa = PBXBuildFile; fileRef = 2BA9DB351BF51A4D003D664F /* DetailedWeatherViewController_iPad.m */; };
		2BA9DB921BF51A4D003D664F /* IPadViewController.m in Sources */ = {isa = PBXBuildFile; fileRef = 2BA9DB371BF51A4D003D664F /* IPadViewController.m */; };
		2BA9DB931BF51A4D003D664F /* LineGraphsViewController_iPad.m in Sources */ = {isa = PBXBuildFile; fileRef = 2BA9DB391BF51A4D003D664F /* LineGraphsViewController_iPad.m */; };
		2BA9DB941BF51A4D003D664F /* ModelGraphsViewController_iPad.m in Sources */ = {isa = PBXBuildFile; fileRef = 2BA9DB3B1BF51A4D003D664F /* ModelGraphsViewController_iPad.m */; };
		2BA9DB951BF51A4D003D664F /* AdvisoriesViewController.m in Sources */ = {isa = PBXBuildFile; fileRef = 2BA9DB3E1BF51A4D003D664F /* AdvisoriesViewController.m */; };
		2BA9DB961BF51A4D003D664F /* ConvectiveOutlookViewController.m in Sources */ = {isa = PBXBuildFile; fileRef = 2BA9DB401BF51A4D003D664F /* ConvectiveOutlookViewController.m */; };
		2BA9DB971BF51A4D003D664F /* DailySummariesViewController.m in Sources */ = {isa = PBXBuildFile; fileRef = 2BA9DB421BF51A4D003D664F /* DailySummariesViewController.m */; };
		2BA9DB981BF51A4D003D664F /* DailySummaryGraphsViewController.m in Sources */ = {isa = PBXBuildFile; fileRef = 2BA9DB441BF51A4D003D664F /* DailySummaryGraphsViewController.m */; };
		2BA9DB991BF51A4D003D664F /* DetailedWeatherViewController.m in Sources */ = {isa = PBXBuildFile; fileRef = 2BA9DB461BF51A4D003D664F /* DetailedWeatherViewController.m */; };
		2BA9DB9A1BF51A4D003D664F /* DroughtMonitorViewController.m in Sources */ = {isa = PBXBuildFile; fileRef = 2BA9DB481BF51A4D003D664F /* DroughtMonitorViewController.m */; };
		2BA9DB9B1BF51A4D003D664F /* EarthquakesViewController.m in Sources */ = {isa = PBXBuildFile; fileRef = 2BA9DB4A1BF51A4D003D664F /* EarthquakesViewController.m */; };
		2BA9DB9C1BF51A4D003D664F /* ForecastBarGraphsViewController.m in Sources */ = {isa = PBXBuildFile; fileRef = 2BA9DB4C1BF51A4D003D664F /* ForecastBarGraphsViewController.m */; };
		2BA9DB9D1BF51A4D003D664F /* ForecastLineGraphsViewController.m in Sources */ = {isa = PBXBuildFile; fileRef = 2BA9DB4E1BF51A4D003D664F /* ForecastLineGraphsViewController.m */; };
		2BA9DB9E1BF51A4D003D664F /* ForecastViewController.m in Sources */ = {isa = PBXBuildFile; fileRef = 2BA9DB501BF51A4D003D664F /* ForecastViewController.m */; };
		2BA9DB9F1BF51A4D003D664F /* IndicesViewController.m in Sources */ = {isa = PBXBuildFile; fileRef = 2BA9DB521BF51A4D003D664F /* IndicesViewController.m */; };
		2BA9DBA01BF51A4D003D664F /* ModelGraphsViewController.m in Sources */ = {isa = PBXBuildFile; fileRef = 2BA9DB541BF51A4D003D664F /* ModelGraphsViewController.m */; };
		2BA9DBA11BF51A4D003D664F /* MoonPhasesViewController.m in Sources */ = {isa = PBXBuildFile; fileRef = 2BA9DB561BF51A4D003D664F /* MoonPhasesViewController.m */; };
		2BA9DBA21BF51A4D003D664F /* NearbyObservationsViewController.m in Sources */ = {isa = PBXBuildFile; fileRef = 2BA9DB581BF51A4D003D664F /* NearbyObservationsViewController.m */; };
		2BA9DBA31BF51A4D003D664F /* NormalsViewController.m in Sources */ = {isa = PBXBuildFile; fileRef = 2BA9DB5A1BF51A4D003D664F /* NormalsViewController.m */; };
		2BA9DBA41BF51A4D003D664F /* RecentObservationsViewController.m in Sources */ = {isa = PBXBuildFile; fileRef = 2BA9DB5C1BF51A4D003D664F /* RecentObservationsViewController.m */; };
		2BA9DBA51BF51A4D003D664F /* RecentObsGraphViewController.m in Sources */ = {isa = PBXBuildFile; fileRef = 2BA9DB5E1BF51A4D003D664F /* RecentObsGraphViewController.m */; };
		2BA9DBA61BF51A4D003D664F /* RecordsViewController.m in Sources */ = {isa = PBXBuildFile; fileRef = 2BA9DB601BF51A4D003D664F /* RecordsViewController.m */; };
		2BA9DBA71BF51A4D003D664F /* StormCellsViewController.m in Sources */ = {isa = PBXBuildFile; fileRef = 2BA9DB621BF51A4D003D664F /* StormCellsViewController.m */; };
		2BA9DBA81BF51A4D003D664F /* StormReportsViewController.m in Sources */ = {isa = PBXBuildFile; fileRef = 2BA9DB641BF51A4D003D664F /* StormReportsViewController.m */; };
		2BA9DBA91BF51A4D003D664F /* SunMoonViewController.m in Sources */ = {isa = PBXBuildFile; fileRef = 2BA9DB661BF51A4D003D664F /* SunMoonViewController.m */; };
		2BA9DBAA1BF51A4D003D664F /* ThreatsViewController.m in Sources */ = {isa = PBXBuildFile; fileRef = 2BA9DB681BF51A4D003D664F /* ThreatsViewController.m */; };
		2BA9DBAB1BF51A4D003D664F /* TidesViewController.m in Sources */ = {isa = PBXBuildFile; fileRef = 2BA9DB6A1BF51A4D003D664F /* TidesViewController.m */; };
		2BA9DBAC1BF51A4D003D664F /* WeekendWeatherViewController.m in Sources */ = {isa = PBXBuildFile; fileRef = 2BA9DB6C1BF51A4D003D664F /* WeekendWeatherViewController.m */; };
		2BA9DBAD1BF51A4D003D664F /* LineGraphsViewController.m in Sources */ = {isa = PBXBuildFile; fileRef = 2BA9DB6E1BF51A4D003D664F /* LineGraphsViewController.m */; };
		2BA9DBAE1BF51A4D003D664F /* ListingViewController.m in Sources */ = {isa = PBXBuildFile; fileRef = 2BA9DB701BF51A4D003D664F /* ListingViewController.m */; };
		2BA9DBAF1BF51A4D003D664F /* LocationSearchViewController.m in Sources */ = {isa = PBXBuildFile; fileRef = 2BA9DB721BF51A4D003D664F /* LocationSearchViewController.m */; };
		2BA9DBB01BF51A4D003D664F /* MapboxMapConfig.m in Sources */ = {isa = PBXBuildFile; fileRef = 2BA9DB741BF51A4D003D664F /* MapboxMapConfig.m */; };
		2BA9DBB11BF51A4D003D664F /* MapboxMapViewController.m in Sources */ = {isa = PBXBuildFile; fileRef = 2BA9DB761BF51A4D003D664F /* MapboxMapViewController.m */; };
		2BA9DBB21BF51A4D003D664F /* MapViewController.m in Sources */ = {isa = PBXBuildFile; fileRef = 2BA9DB781BF51A4D003D664F /* MapViewController.m */; };
		2BA9DBB31BF51A4D003D664F /* Preferences.m in Sources */ = {isa = PBXBuildFile; fileRef = 2BA9DB7A1BF51A4D003D664F /* Preferences.m */; };
		2BA9DBB41BF51A4D003D664F /* SettingsViewController.m in Sources */ = {isa = PBXBuildFile; fileRef = 2BA9DB7C1BF51A4D003D664F /* SettingsViewController.m */; };
		2BA9DBB51BF51A4D003D664F /* UserLocationsManager.m in Sources */ = {isa = PBXBuildFile; fileRef = 2BA9DB7E1BF51A4D003D664F /* UserLocationsManager.m */; };
		2BA9DBB61BF51A4D003D664F /* GroupedTableViewCell.m in Sources */ = {isa = PBXBuildFile; fileRef = 2BA9DB811BF51A4D003D664F /* GroupedTableViewCell.m */; };
		2BA9DBB71BF51A4D003D664F /* ListingEventView.m in Sources */ = {isa = PBXBuildFile; fileRef = 2BA9DB831BF51A4D003D664F /* ListingEventView.m */; };
		2BA9DBB81BF51A4D003D664F /* ListingTableViewCell.m in Sources */ = {isa = PBXBuildFile; fileRef = 2BA9DB851BF51A4D003D664F /* ListingTableViewCell.m */; };
		2BA9DBB91BF51A4D003D664F /* MultilineTextTableViewCell.m in Sources */ = {isa = PBXBuildFile; fileRef = 2BA9DB871BF51A4D003D664F /* MultilineTextTableViewCell.m */; };
		2BA9DBBB1BF51B2E003D664F /* Launch.storyboard in Resources */ = {isa = PBXBuildFile; fileRef = 2BA9DBBA1BF51B2E003D664F /* Launch.storyboard */; };
		2BEDF76219C0CF7900BECBB2 /* main.m in Sources */ = {isa = PBXBuildFile; fileRef = 2BEDF76119C0CF7900BECBB2 /* main.m */; };
		2BEDF78219C0D31000BECBB2 /* InfoPlist.strings in Resources */ = {isa = PBXBuildFile; fileRef = 2BEDF77E19C0D31000BECBB2 /* InfoPlist.strings */; };
		2BEDF78319C0D31000BECBB2 /* Images.xcassets in Resources */ = {isa = PBXBuildFile; fileRef = 2BEDF78019C0D31000BECBB2 /* Images.xcassets */; };
		DF450D7E8C304DBC872EC7C0 /* libPods-AerisSDKDemo.a in Frameworks */ = {isa = PBXBuildFile; fileRef = 04D27820EC6D43B3B62EDA64 /* libPods-AerisSDKDemo.a */; };
/* End PBXBuildFile section */

/* Begin PBXFileReference section */
		04D27820EC6D43B3B62EDA64 /* libPods-AerisSDKDemo.a */ = {isa = PBXFileReference; explicitFileType = archive.ar; includeInIndex = 0; path = "libPods-AerisSDKDemo.a"; sourceTree = BUILT_PRODUCTS_DIR; };
		2B5EB70919BFCD700013C45C /* AerisSDKDemo.app */ = {isa = PBXFileReference; explicitFileType = wrapper.application; includeInIndex = 0; path = AerisSDKDemo.app; sourceTree = BUILT_PRODUCTS_DIR; };
		2B5EB70C19BFCD700013C45C /* Foundation.framework */ = {isa = PBXFileReference; lastKnownFileType = wrapper.framework; name = Foundation.framework; path = System/Library/Frameworks/Foundation.framework; sourceTree = SDKROOT; };
		2B5EB70E19BFCD700013C45C /* CoreGraphics.framework */ = {isa = PBXFileReference; lastKnownFileType = wrapper.framework; name = CoreGraphics.framework; path = System/Library/Frameworks/CoreGraphics.framework; sourceTree = SDKROOT; };
		2B5EB71019BFCD700013C45C /* UIKit.framework */ = {isa = PBXFileReference; lastKnownFileType = wrapper.framework; name = UIKit.framework; path = System/Library/Frameworks/UIKit.framework; sourceTree = SDKROOT; };
		2B5EB72519BFCD700013C45C /* XCTest.framework */ = {isa = PBXFileReference; lastKnownFileType = wrapper.framework; name = XCTest.framework; path = Library/Frameworks/XCTest.framework; sourceTree = DEVELOPER_DIR; };
		2BA9DB1F1BF51A4D003D664F /* AppDelegate.h */ = {isa = PBXFileReference; fileEncoding = 4; lastKnownFileType = sourcecode.c.h; path = AppDelegate.h; sourceTree = "<group>"; };
		2BA9DB201BF51A4D003D664F /* AppDelegate.m */ = {isa = PBXFileReference; fileEncoding = 4; lastKnownFileType = sourcecode.c.objc; path = AppDelegate.m; sourceTree = "<group>"; };
		2BA9DB211BF51A4D003D664F /* AppleMapViewController.h */ = {isa = PBXFileReference; fileEncoding = 4; lastKnownFileType = sourcecode.c.h; path = AppleMapViewController.h; sourceTree = "<group>"; };
		2BA9DB221BF51A4D003D664F /* AppleMapViewController.m */ = {isa = PBXFileReference; fileEncoding = 4; lastKnownFileType = sourcecode.c.objc; path = AppleMapViewController.m; sourceTree = "<group>"; };
		2BA9DB231BF51A4D003D664F /* BarGraphsViewController.h */ = {isa = PBXFileReference; fileEncoding = 4; lastKnownFileType = sourcecode.c.h; path = BarGraphsViewController.h; sourceTree = "<group>"; };
		2BA9DB241BF51A4D003D664F /* BarGraphsViewController.m */ = {isa = PBXFileReference; fileEncoding = 4; lastKnownFileType = sourcecode.c.objc; path = BarGraphsViewController.m; sourceTree = "<group>"; };
		2BA9DB251BF51A4D003D664F /* CatalogViewController.h */ = {isa = PBXFileReference; fileEncoding = 4; lastKnownFileType = sourcecode.c.h; path = CatalogViewController.h; sourceTree = "<group>"; };
		2BA9DB261BF51A4D003D664F /* CatalogViewController.m */ = {isa = PBXFileReference; fileEncoding = 4; lastKnownFileType = sourcecode.c.objc; path = CatalogViewController.m; sourceTree = "<group>"; };
		2BA9DB291BF51A4D003D664F /* Globals.h */ = {isa = PBXFileReference; fileEncoding = 4; lastKnownFileType = sourcecode.c.h; path = Globals.h; sourceTree = "<group>"; };
		2BA9DB2A1BF51A4D003D664F /* Globals.m */ = {isa = PBXFileReference; fileEncoding = 4; lastKnownFileType = sourcecode.c.objc; path = Globals.m; sourceTree = "<group>"; };
		2BA9DB2B1BF51A4D003D664F /* GoogleMapViewController.h */ = {isa = PBXFileReference; fileEncoding = 4; lastKnownFileType = sourcecode.c.h; path = GoogleMapViewController.h; sourceTree = "<group>"; };
		2BA9DB2C1BF51A4D003D664F /* GoogleMapViewController.m */ = {isa = PBXFileReference; fileEncoding = 4; lastKnownFileType = sourcecode.c.objc; path = GoogleMapViewController.m; sourceTree = "<group>"; };
		2BA9DB2D1BF51A4D003D664F /* GraphViewController.h */ = {isa = PBXFileReference; fileEncoding = 4; lastKnownFileType = sourcecode.c.h; path = GraphViewController.h; sourceTree = "<group>"; };
		2BA9DB2E1BF51A4D003D664F /* GraphViewController.m */ = {isa = PBXFileReference; fileEncoding = 4; lastKnownFileType = sourcecode.c.objc; path = GraphViewController.m; sourceTree = "<group>"; };
		2BA9DB2F1BF51A4D003D664F /* GroupedListingViewController.h */ = {isa = PBXFileReference; fileEncoding = 4; lastKnownFileType = sourcecode.c.h; path = GroupedListingViewController.h; sourceTree = "<group>"; };
		2BA9DB301BF51A4D003D664F /* GroupedListingViewController.m */ = {isa = PBXFileReference; fileEncoding = 4; lastKnownFileType = sourcecode.c.objc; path = GroupedListingViewController.m; sourceTree = "<group>"; };
		2BA9DB321BF51A4D003D664F /* BarGraphsViewController_iPad.h */ = {isa = PBXFileReference; fileEncoding = 4; lastKnownFileType = sourcecode.c.h; path = BarGraphsViewController_iPad.h; sourceTree = "<group>"; };
		2BA9DB331BF51A4D003D664F /* BarGraphsViewController_iPad.m */ = {isa = PBXFileReference; fileEncoding = 4; lastKnownFileType = sourcecode.c.objc; path = BarGraphsViewController_iPad.m; sourceTree = "<group>"; };
		2BA9DB341BF51A4D003D664F /* DetailedWeatherViewController_iPad.h */ = {isa = PBXFileReference; fileEncoding = 4; lastKnownFileType = sourcecode.c.h; path = DetailedWeatherViewController_iPad.h; sourceTree = "<group>"; };
		2BA9DB351BF51A4D003D664F /* DetailedWeatherViewController_iPad.m */ = {isa = PBXFileReference; fileEncoding = 4; lastKnownFileType = sourcecode.c.objc; path = DetailedWeatherViewController_iPad.m; sourceTree = "<group>"; };
		2BA9DB361BF51A4D003D664F /* IPadViewController.h */ = {isa = PBXFileReference; fileEncoding = 4; lastKnownFileType = sourcecode.c.h; path = IPadViewController.h; sourceTree = "<group>"; };
		2BA9DB371BF51A4D003D664F /* IPadViewController.m */ = {isa = PBXFileReference; fileEncoding = 4; lastKnownFileType = sourcecode.c.objc; path = IPadViewController.m; sourceTree = "<group>"; };
		2BA9DB381BF51A4D003D664F /* LineGraphsViewController_iPad.h */ = {isa = PBXFileReference; fileEncoding = 4; lastKnownFileType = sourcecode.c.h; path = LineGraphsViewController_iPad.h; sourceTree = "<group>"; };
		2BA9DB391BF51A4D003D664F /* LineGraphsViewController_iPad.m */ = {isa = PBXFileReference; fileEncoding = 4; lastKnownFileType = sourcecode.c.objc; path = LineGraphsViewController_iPad.m; sourceTree = "<group>"; };
		2BA9DB3A1BF51A4D003D664F /* ModelGraphsViewController_iPad.h */ = {isa = PBXFileReference; fileEncoding = 4; lastKnownFileType = sourcecode.c.h; path = ModelGraphsViewController_iPad.h; sourceTree = "<group>"; };
		2BA9DB3B1BF51A4D003D664F /* ModelGraphsViewController_iPad.m */ = {isa = PBXFileReference; fileEncoding = 4; lastKnownFileType = sourcecode.c.objc; path = ModelGraphsViewController_iPad.m; sourceTree = "<group>"; };
		2BA9DB3D1BF51A4D003D664F /* AdvisoriesViewController.h */ = {isa = PBXFileReference; fileEncoding = 4; lastKnownFileType = sourcecode.c.h; path = AdvisoriesViewController.h; sourceTree = "<group>"; };
		2BA9DB3E1BF51A4D003D664F /* AdvisoriesViewController.m */ = {isa = PBXFileReference; fileEncoding = 4; lastKnownFileType = sourcecode.c.objc; path = AdvisoriesViewController.m; sourceTree = "<group>"; };
		2BA9DB3F1BF51A4D003D664F /* ConvectiveOutlookViewController.h */ = {isa = PBXFileReference; fileEncoding = 4; lastKnownFileType = sourcecode.c.h; path = ConvectiveOutlookViewController.h; sourceTree = "<group>"; };
		2BA9DB401BF51A4D003D664F /* ConvectiveOutlookViewController.m */ = {isa = PBXFileReference; fileEncoding = 4; lastKnownFileType = sourcecode.c.objc; path = ConvectiveOutlookViewController.m; sourceTree = "<group>"; };
		2BA9DB411BF51A4D003D664F /* DailySummariesViewController.h */ = {isa = PBXFileReference; fileEncoding = 4; lastKnownFileType = sourcecode.c.h; path = DailySummariesViewController.h; sourceTree = "<group>"; };
		2BA9DB421BF51A4D003D664F /* DailySummariesViewController.m */ = {isa = PBXFileReference; fileEncoding = 4; lastKnownFileType = sourcecode.c.objc; path = DailySummariesViewController.m; sourceTree = "<group>"; };
		2BA9DB431BF51A4D003D664F /* DailySummaryGraphsViewController.h */ = {isa = PBXFileReference; fileEncoding = 4; lastKnownFileType = sourcecode.c.h; path = DailySummaryGraphsViewController.h; sourceTree = "<group>"; };
		2BA9DB441BF51A4D003D664F /* DailySummaryGraphsViewController.m */ = {isa = PBXFileReference; fileEncoding = 4; lastKnownFileType = sourcecode.c.objc; path = DailySummaryGraphsViewController.m; sourceTree = "<group>"; };
		2BA9DB451BF51A4D003D664F /* DetailedWeatherViewController.h */ = {isa = PBXFileReference; fileEncoding = 4; lastKnownFileType = sourcecode.c.h; path = DetailedWeatherViewController.h; sourceTree = "<group>"; };
		2BA9DB461BF51A4D003D664F /* DetailedWeatherViewController.m */ = {isa = PBXFileReference; fileEncoding = 4; lastKnownFileType = sourcecode.c.objc; path = DetailedWeatherViewController.m; sourceTree = "<group>"; };
		2BA9DB471BF51A4D003D664F /* DroughtMonitorViewController.h */ = {isa = PBXFileReference; fileEncoding = 4; lastKnownFileType = sourcecode.c.h; path = DroughtMonitorViewController.h; sourceTree = "<group>"; };
		2BA9DB481BF51A4D003D664F /* DroughtMonitorViewController.m */ = {isa = PBXFileReference; fileEncoding = 4; lastKnownFileType = sourcecode.c.objc; path = DroughtMonitorViewController.m; sourceTree = "<group>"; };
		2BA9DB491BF51A4D003D664F /* EarthquakesViewController.h */ = {isa = PBXFileReference; fileEncoding = 4; lastKnownFileType = sourcecode.c.h; path = EarthquakesViewController.h; sourceTree = "<group>"; };
		2BA9DB4A1BF51A4D003D664F /* EarthquakesViewController.m */ = {isa = PBXFileReference; fileEncoding = 4; lastKnownFileType = sourcecode.c.objc; path = EarthquakesViewController.m; sourceTree = "<group>"; };
		2BA9DB4B1BF51A4D003D664F /* ForecastBarGraphsViewController.h */ = {isa = PBXFileReference; fileEncoding = 4; lastKnownFileType = sourcecode.c.h; path = ForecastBarGraphsViewController.h; sourceTree = "<group>"; };
		2BA9DB4C1BF51A4D003D664F /* ForecastBarGraphsViewController.m */ = {isa = PBXFileReference; fileEncoding = 4; lastKnownFileType = sourcecode.c.objc; path = ForecastBarGraphsViewController.m; sourceTree = "<group>"; };
		2BA9DB4D1BF51A4D003D664F /* ForecastLineGraphsViewController.h */ = {isa = PBXFileReference; fileEncoding = 4; lastKnownFileType = sourcecode.c.h; path = ForecastLineGraphsViewController.h; sourceTree = "<group>"; };
		2BA9DB4E1BF51A4D003D664F /* ForecastLineGraphsViewController.m */ = {isa = PBXFileReference; fileEncoding = 4; lastKnownFileType = sourcecode.c.objc; path = ForecastLineGraphsViewController.m; sourceTree = "<group>"; };
		2BA9DB4F1BF51A4D003D664F /* ForecastViewController.h */ = {isa = PBXFileReference; fileEncoding = 4; lastKnownFileType = sourcecode.c.h; path = ForecastViewController.h; sourceTree = "<group>"; };
		2BA9DB501BF51A4D003D664F /* ForecastViewController.m */ = {isa = PBXFileReference; fileEncoding = 4; lastKnownFileType = sourcecode.c.objc; path = ForecastViewController.m; sourceTree = "<group>"; };
		2BA9DB511BF51A4D003D664F /* IndicesViewController.h */ = {isa = PBXFileReference; fileEncoding = 4; lastKnownFileType = sourcecode.c.h; path = IndicesViewController.h; sourceTree = "<group>"; };
		2BA9DB521BF51A4D003D664F /* IndicesViewController.m */ = {isa = PBXFileReference; fileEncoding = 4; lastKnownFileType = sourcecode.c.objc; path = IndicesViewController.m; sourceTree = "<group>"; };
		2BA9DB531BF51A4D003D664F /* ModelGraphsViewController.h */ = {isa = PBXFileReference; fileEncoding = 4; lastKnownFileType = sourcecode.c.h; path = ModelGraphsViewController.h; sourceTree = "<group>"; };
		2BA9DB541BF51A4D003D664F /* ModelGraphsViewController.m */ = {isa = PBXFileReference; fileEncoding = 4; lastKnownFileType = sourcecode.c.objc; path = ModelGraphsViewController.m; sourceTree = "<group>"; };
		2BA9DB551BF51A4D003D664F /* MoonPhasesViewController.h */ = {isa = PBXFileReference; fileEncoding = 4; lastKnownFileType = sourcecode.c.h; path = MoonPhasesViewController.h; sourceTree = "<group>"; };
		2BA9DB561BF51A4D003D664F /* MoonPhasesViewController.m */ = {isa = PBXFileReference; fileEncoding = 4; lastKnownFileType = sourcecode.c.objc; path = MoonPhasesViewController.m; sourceTree = "<group>"; };
		2BA9DB571BF51A4D003D664F /* NearbyObservationsViewController.h */ = {isa = PBXFileReference; fileEncoding = 4; lastKnownFileType = sourcecode.c.h; path = NearbyObservationsViewController.h; sourceTree = "<group>"; };
		2BA9DB581BF51A4D003D664F /* NearbyObservationsViewController.m */ = {isa = PBXFileReference; fileEncoding = 4; lastKnownFileType = sourcecode.c.objc; path = NearbyObservationsViewController.m; sourceTree = "<group>"; };
		2BA9DB591BF51A4D003D664F /* NormalsViewController.h */ = {isa = PBXFileReference; fileEncoding = 4; lastKnownFileType = sourcecode.c.h; path = NormalsViewController.h; sourceTree = "<group>"; };
		2BA9DB5A1BF51A4D003D664F /* NormalsViewController.m */ = {isa = PBXFileReference; fileEncoding = 4; lastKnownFileType = sourcecode.c.objc; path = NormalsViewController.m; sourceTree = "<group>"; };
		2BA9DB5B1BF51A4D003D664F /* RecentObservationsViewController.h */ = {isa = PBXFileReference; fileEncoding = 4; lastKnownFileType = sourcecode.c.h; path = RecentObservationsViewController.h; sourceTree = "<group>"; };
		2BA9DB5C1BF51A4D003D664F /* RecentObservationsViewController.m */ = {isa = PBXFileReference; fileEncoding = 4; lastKnownFileType = sourcecode.c.objc; path = RecentObservationsViewController.m; sourceTree = "<group>"; };
		2BA9DB5D1BF51A4D003D664F /* RecentObsGraphViewController.h */ = {isa = PBXFileReference; fileEncoding = 4; lastKnownFileType = sourcecode.c.h; path = RecentObsGraphViewController.h; sourceTree = "<group>"; };
		2BA9DB5E1BF51A4D003D664F /* RecentObsGraphViewController.m */ = {isa = PBXFileReference; fileEncoding = 4; lastKnownFileType = sourcecode.c.objc; path = RecentObsGraphViewController.m; sourceTree = "<group>"; };
		2BA9DB5F1BF51A4D003D664F /* RecordsViewController.h */ = {isa = PBXFileReference; fileEncoding = 4; lastKnownFileType = sourcecode.c.h; path = RecordsViewController.h; sourceTree = "<group>"; };
		2BA9DB601BF51A4D003D664F /* RecordsViewController.m */ = {isa = PBXFileReference; fileEncoding = 4; lastKnownFileType = sourcecode.c.objc; path = RecordsViewController.m; sourceTree = "<group>"; };
		2BA9DB611BF51A4D003D664F /* StormCellsViewController.h */ = {isa = PBXFileReference; fileEncoding = 4; lastKnownFileType = sourcecode.c.h; path = StormCellsViewController.h; sourceTree = "<group>"; };
		2BA9DB621BF51A4D003D664F /* StormCellsViewController.m */ = {isa = PBXFileReference; fileEncoding = 4; lastKnownFileType = sourcecode.c.objc; path = StormCellsViewController.m; sourceTree = "<group>"; };
		2BA9DB631BF51A4D003D664F /* StormReportsViewController.h */ = {isa = PBXFileReference; fileEncoding = 4; lastKnownFileType = sourcecode.c.h; path = StormReportsViewController.h; sourceTree = "<group>"; };
		2BA9DB641BF51A4D003D664F /* StormReportsViewController.m */ = {isa = PBXFileReference; fileEncoding = 4; lastKnownFileType = sourcecode.c.objc; path = StormReportsViewController.m; sourceTree = "<group>"; };
		2BA9DB651BF51A4D003D664F /* SunMoonViewController.h */ = {isa = PBXFileReference; fileEncoding = 4; lastKnownFileType = sourcecode.c.h; path = SunMoonViewController.h; sourceTree = "<group>"; };
		2BA9DB661BF51A4D003D664F /* SunMoonViewController.m */ = {isa = PBXFileReference; fileEncoding = 4; lastKnownFileType = sourcecode.c.objc; path = SunMoonViewController.m; sourceTree = "<group>"; };
		2BA9DB671BF51A4D003D664F /* ThreatsViewController.h */ = {isa = PBXFileReference; fileEncoding = 4; lastKnownFileType = sourcecode.c.h; path = ThreatsViewController.h; sourceTree = "<group>"; };
		2BA9DB681BF51A4D003D664F /* ThreatsViewController.m */ = {isa = PBXFileReference; fileEncoding = 4; lastKnownFileType = sourcecode.c.objc; path = ThreatsViewController.m; sourceTree = "<group>"; };
		2BA9DB691BF51A4D003D664F /* TidesViewController.h */ = {isa = PBXFileReference; fileEncoding = 4; lastKnownFileType = sourcecode.c.h; path = TidesViewController.h; sourceTree = "<group>"; };
		2BA9DB6A1BF51A4D003D664F /* TidesViewController.m */ = {isa = PBXFileReference; fileEncoding = 4; lastKnownFileType = sourcecode.c.objc; path = TidesViewController.m; sourceTree = "<group>"; };
		2BA9DB6B1BF51A4D003D664F /* WeekendWeatherViewController.h */ = {isa = PBXFileReference; fileEncoding = 4; lastKnownFileType = sourcecode.c.h; path = WeekendWeatherViewController.h; sourceTree = "<group>"; };
		2BA9DB6C1BF51A4D003D664F /* WeekendWeatherViewController.m */ = {isa = PBXFileReference; fileEncoding = 4; lastKnownFileType = sourcecode.c.objc; path = WeekendWeatherViewController.m; sourceTree = "<group>"; };
		2BA9DB6D1BF51A4D003D664F /* LineGraphsViewController.h */ = {isa = PBXFileReference; fileEncoding = 4; lastKnownFileType = sourcecode.c.h; path = LineGraphsViewController.h; sourceTree = "<group>"; };
		2BA9DB6E1BF51A4D003D664F /* LineGraphsViewController.m */ = {isa = PBXFileReference; fileEncoding = 4; lastKnownFileType = sourcecode.c.objc; path = LineGraphsViewController.m; sourceTree = "<group>"; };
		2BA9DB6F1BF51A4D003D664F /* ListingViewController.h */ = {isa = PBXFileReference; fileEncoding = 4; lastKnownFileType = sourcecode.c.h; path = ListingViewController.h; sourceTree = "<group>"; };
		2BA9DB701BF51A4D003D664F /* ListingViewController.m */ = {isa = PBXFileReference; fileEncoding = 4; lastKnownFileType = sourcecode.c.objc; path = ListingViewController.m; sourceTree = "<group>"; };
		2BA9DB711BF51A4D003D664F /* LocationSearchViewController.h */ = {isa = PBXFileReference; fileEncoding = 4; lastKnownFileType = sourcecode.c.h; path = LocationSearchViewController.h; sourceTree = "<group>"; };
		2BA9DB721BF51A4D003D664F /* LocationSearchViewController.m */ = {isa = PBXFileReference; fileEncoding = 4; lastKnownFileType = sourcecode.c.objc; path = LocationSearchViewController.m; sourceTree = "<group>"; };
		2BA9DB731BF51A4D003D664F /* MapboxMapConfig.h */ = {isa = PBXFileReference; fileEncoding = 4; lastKnownFileType = sourcecode.c.h; path = MapboxMapConfig.h; sourceTree = "<group>"; };
		2BA9DB741BF51A4D003D664F /* MapboxMapConfig.m */ = {isa = PBXFileReference; fileEncoding = 4; lastKnownFileType = sourcecode.c.objc; path = MapboxMapConfig.m; sourceTree = "<group>"; };
		2BA9DB751BF51A4D003D664F /* MapboxMapViewController.h */ = {isa = PBXFileReference; fileEncoding = 4; lastKnownFileType = sourcecode.c.h; path = MapboxMapViewController.h; sourceTree = "<group>"; };
		2BA9DB761BF51A4D003D664F /* MapboxMapViewController.m */ = {isa = PBXFileReference; fileEncoding = 4; lastKnownFileType = sourcecode.c.objc; path = MapboxMapViewController.m; sourceTree = "<group>"; };
		2BA9DB771BF51A4D003D664F /* MapViewController.h */ = {isa = PBXFileReference; fileEncoding = 4; lastKnownFileType = sourcecode.c.h; path = MapViewController.h; sourceTree = "<group>"; };
		2BA9DB781BF51A4D003D664F /* MapViewController.m */ = {isa = PBXFileReference; fileEncoding = 4; lastKnownFileType = sourcecode.c.objc; path = MapViewController.m; sourceTree = "<group>"; };
		2BA9DB791BF51A4D003D664F /* Preferences.h */ = {isa = PBXFileReference; fileEncoding = 4; lastKnownFileType = sourcecode.c.h; path = Preferences.h; sourceTree = "<group>"; };
		2BA9DB7A1BF51A4D003D664F /* Preferences.m */ = {isa = PBXFileReference; fileEncoding = 4; lastKnownFileType = sourcecode.c.objc; path = Preferences.m; sourceTree = "<group>"; };
		2BA9DB7B1BF51A4D003D664F /* SettingsViewController.h */ = {isa = PBXFileReference; fileEncoding = 4; lastKnownFileType = sourcecode.c.h; path = SettingsViewController.h; sourceTree = "<group>"; };
		2BA9DB7C1BF51A4D003D664F /* SettingsViewController.m */ = {isa = PBXFileReference; fileEncoding = 4; lastKnownFileType = sourcecode.c.objc; path = SettingsViewController.m; sourceTree = "<group>"; };
		2BA9DB7D1BF51A4D003D664F /* UserLocationsManager.h */ = {isa = PBXFileReference; fileEncoding = 4; lastKnownFileType = sourcecode.c.h; path = UserLocationsManager.h; sourceTree = "<group>"; };
		2BA9DB7E1BF51A4D003D664F /* UserLocationsManager.m */ = {isa = PBXFileReference; fileEncoding = 4; lastKnownFileType = sourcecode.c.objc; path = UserLocationsManager.m; sourceTree = "<group>"; };
		2BA9DB801BF51A4D003D664F /* GroupedTableViewCell.h */ = {isa = PBXFileReference; fileEncoding = 4; lastKnownFileType = sourcecode.c.h; path = GroupedTableViewCell.h; sourceTree = "<group>"; };
		2BA9DB811BF51A4D003D664F /* GroupedTableViewCell.m */ = {isa = PBXFileReference; fileEncoding = 4; lastKnownFileType = sourcecode.c.objc; path = GroupedTableViewCell.m; sourceTree = "<group>"; };
		2BA9DB821BF51A4D003D664F /* ListingEventView.h */ = {isa = PBXFileReference; fileEncoding = 4; lastKnownFileType = sourcecode.c.h; path = ListingEventView.h; sourceTree = "<group>"; };
		2BA9DB831BF51A4D003D664F /* ListingEventView.m */ = {isa = PBXFileReference; fileEncoding = 4; lastKnownFileType = sourcecode.c.objc; path = ListingEventView.m; sourceTree = "<group>"; };
		2BA9DB841BF51A4D003D664F /* ListingTableViewCell.h */ = {isa = PBXFileReference; fileEncoding = 4; lastKnownFileType = sourcecode.c.h; path = ListingTableViewCell.h; sourceTree = "<group>"; };
		2BA9DB851BF51A4D003D664F /* ListingTableViewCell.m */ = {isa = PBXFileReference; fileEncoding = 4; lastKnownFileType = sourcecode.c.objc; path = ListingTableViewCell.m; sourceTree = "<group>"; };
		2BA9DB861BF51A4D003D664F /* MultilineTextTableViewCell.h */ = {isa = PBXFileReference; fileEncoding = 4; lastKnownFileType = sourcecode.c.h; path = MultilineTextTableViewCell.h; sourceTree = "<group>"; };
		2BA9DB871BF51A4D003D664F /* MultilineTextTableViewCell.m */ = {isa = PBXFileReference; fileEncoding = 4; lastKnownFileType = sourcecode.c.objc; path = MultilineTextTableViewCell.m; sourceTree = "<group>"; };
		2BA9DBBA1BF51B2E003D664F /* Launch.storyboard */ = {isa = PBXFileReference; fileEncoding = 4; lastKnownFileType = file.storyboard; name = Launch.storyboard; path = Resources/Launch.storyboard; sourceTree = SOURCE_ROOT; };
		2BEDF60019C0C9C400BECBB2 /* MapKit.framework */ = {isa = PBXFileReference; lastKnownFileType = wrapper.framework; name = MapKit.framework; path = System/Library/Frameworks/MapKit.framework; sourceTree = SDKROOT; };
		2BEDF60119C0C9C400BECBB2 /* QuartzCore.framework */ = {isa = PBXFileReference; lastKnownFileType = wrapper.framework; name = QuartzCore.framework; path = System/Library/Frameworks/QuartzCore.framework; sourceTree = SDKROOT; };
		2BEDF76119C0CF7900BECBB2 /* main.m */ = {isa = PBXFileReference; fileEncoding = 4; lastKnownFileType = sourcecode.c.objc; name = main.m; path = "Other Sources/main.m"; sourceTree = SOURCE_ROOT; };
		2BEDF76319C0CFF400BECBB2 /* AVFoundation.framework */ = {isa = PBXFileReference; lastKnownFileType = wrapper.framework; name = AVFoundation.framework; path = System/Library/Frameworks/AVFoundation.framework; sourceTree = SDKROOT; };
		2BEDF76419C0CFF400BECBB2 /* CoreData.framework */ = {isa = PBXFileReference; lastKnownFileType = wrapper.framework; name = CoreData.framework; path = System/Library/Frameworks/CoreData.framework; sourceTree = SDKROOT; };
		2BEDF76519C0CFF400BECBB2 /* CoreLocation.framework */ = {isa = PBXFileReference; lastKnownFileType = wrapper.framework; name = CoreLocation.framework; path = System/Library/Frameworks/CoreLocation.framework; sourceTree = SDKROOT; };
		2BEDF76619C0CFF400BECBB2 /* CoreText.framework */ = {isa = PBXFileReference; lastKnownFileType = wrapper.framework; name = CoreText.framework; path = System/Library/Frameworks/CoreText.framework; sourceTree = SDKROOT; };
		2BEDF76719C0CFF400BECBB2 /* GLKit.framework */ = {isa = PBXFileReference; lastKnownFileType = wrapper.framework; name = GLKit.framework; path = System/Library/Frameworks/GLKit.framework; sourceTree = SDKROOT; };
		2BEDF76819C0CFF400BECBB2 /* ImageIO.framework */ = {isa = PBXFileReference; lastKnownFileType = wrapper.framework; name = ImageIO.framework; path = System/Library/Frameworks/ImageIO.framework; sourceTree = SDKROOT; };
		2BEDF76919C0CFF400BECBB2 /* libc++.dylib */ = {isa = PBXFileReference; lastKnownFileType = "compiled.mach-o.dylib"; name = "libc++.dylib"; path = "usr/lib/libc++.dylib"; sourceTree = SDKROOT; };
		2BEDF76A19C0CFF400BECBB2 /* libicucore.dylib */ = {isa = PBXFileReference; lastKnownFileType = "compiled.mach-o.dylib"; name = libicucore.dylib; path = usr/lib/libicucore.dylib; sourceTree = SDKROOT; };
		2BEDF76B19C0CFF400BECBB2 /* libz.dylib */ = {isa = PBXFileReference; lastKnownFileType = "compiled.mach-o.dylib"; name = libz.dylib; path = usr/lib/libz.dylib; sourceTree = SDKROOT; };
		2BEDF76C19C0CFF400BECBB2 /* OpenGLES.framework */ = {isa = PBXFileReference; lastKnownFileType = wrapper.framework; name = OpenGLES.framework; path = System/Library/Frameworks/OpenGLES.framework; sourceTree = SDKROOT; };
		2BEDF76D19C0CFF400BECBB2 /* SystemConfiguration.framework */ = {isa = PBXFileReference; lastKnownFileType = wrapper.framework; name = SystemConfiguration.framework; path = System/Library/Frameworks/SystemConfiguration.framework; sourceTree = SDKROOT; };
		2BEDF77919C0D04400BECBB2 /* libsqlite3.dylib */ = {isa = PBXFileReference; lastKnownFileType = "compiled.mach-o.dylib"; name = libsqlite3.dylib; path = usr/lib/libsqlite3.dylib; sourceTree = SDKROOT; };
		2BEDF77B19C0D31000BECBB2 /* AerisSDKDemo-Info.plist */ = {isa = PBXFileReference; fileEncoding = 4; lastKnownFileType = text.plist.xml; name = "AerisSDKDemo-Info.plist"; path = "Other Sources/AerisSDKDemo-Info.plist"; sourceTree = SOURCE_ROOT; };
		2BEDF77C19C0D31000BECBB2 /* AerisSDKDemo-Prefix.pch */ = {isa = PBXFileReference; fileEncoding = 4; lastKnownFileType = sourcecode.c.h; name = "AerisSDKDemo-Prefix.pch"; path = "Other Sources/AerisSDKDemo-Prefix.pch"; sourceTree = SOURCE_ROOT; };
		2BEDF77F19C0D31000BECBB2 /* en */ = {isa = PBXFileReference; lastKnownFileType = text.plist.strings; name = en; path = InfoPlist.strings; sourceTree = "<group>"; };
		2BEDF78019C0D31000BECBB2 /* Images.xcassets */ = {isa = PBXFileReference; lastKnownFileType = folder.assetcatalog; name = Images.xcassets; path = "Other Sources/Images.xcassets"; sourceTree = SOURCE_ROOT; };
		70ADACD707EA64B4E2166FF6 /* Pods-AerisSDKDemo.release.xcconfig */ = {isa = PBXFileReference; includeInIndex = 1; lastKnownFileType = text.xcconfig; name = "Pods-AerisSDKDemo.release.xcconfig"; path = "Pods/Target Support Files/Pods-AerisSDKDemo/Pods-AerisSDKDemo.release.xcconfig"; sourceTree = "<group>"; };
		C55405D229A1A310F4644359 /* Pods-AerisSDKDemo.debug.xcconfig */ = {isa = PBXFileReference; includeInIndex = 1; lastKnownFileType = text.xcconfig; name = "Pods-AerisSDKDemo.debug.xcconfig"; path = "Pods/Target Support Files/Pods-AerisSDKDemo/Pods-AerisSDKDemo.debug.xcconfig"; sourceTree = "<group>"; };
/* End PBXFileReference section */

/* Begin PBXFrameworksBuildPhase section */
		2B5EB70619BFCD700013C45C /* Frameworks */ = {
			isa = PBXFrameworksBuildPhase;
			buildActionMask = 2147483647;
			files = (
				DF450D7E8C304DBC872EC7C0 /* libPods-AerisSDKDemo.a in Frameworks */,
			);
			runOnlyForDeploymentPostprocessing = 0;
		};
/* End PBXFrameworksBuildPhase section */

/* Begin PBXGroup section */
		2B5EB70019BFCD700013C45C = {
			isa = PBXGroup;
			children = (
				2B5EB71219BFCD700013C45C /* AerisSDKDemo */,
				2B5EB70B19BFCD700013C45C /* Frameworks */,
				2B5EB70A19BFCD700013C45C /* Products */,
				B4A0FDB9A5EF20212D214EA1 /* Pods */,
			);
			sourceTree = "<group>";
		};
		2B5EB70A19BFCD700013C45C /* Products */ = {
			isa = PBXGroup;
			children = (
				2B5EB70919BFCD700013C45C /* AerisSDKDemo.app */,
			);
			name = Products;
			sourceTree = "<group>";
		};
		2B5EB70B19BFCD700013C45C /* Frameworks */ = {
			isa = PBXGroup;
			children = (
				2BEDF77919C0D04400BECBB2 /* libsqlite3.dylib */,
				2BEDF76319C0CFF400BECBB2 /* AVFoundation.framework */,
				2BEDF76419C0CFF400BECBB2 /* CoreData.framework */,
				2BEDF76519C0CFF400BECBB2 /* CoreLocation.framework */,
				2BEDF76619C0CFF400BECBB2 /* CoreText.framework */,
				2BEDF76719C0CFF400BECBB2 /* GLKit.framework */,
				2BEDF76819C0CFF400BECBB2 /* ImageIO.framework */,
				2BEDF76919C0CFF400BECBB2 /* libc++.dylib */,
				2BEDF76A19C0CFF400BECBB2 /* libicucore.dylib */,
				2BEDF76B19C0CFF400BECBB2 /* libz.dylib */,
				2BEDF76C19C0CFF400BECBB2 /* OpenGLES.framework */,
				2BEDF76D19C0CFF400BECBB2 /* SystemConfiguration.framework */,
				2BEDF60019C0C9C400BECBB2 /* MapKit.framework */,
				2BEDF60119C0C9C400BECBB2 /* QuartzCore.framework */,
				2B5EB70C19BFCD700013C45C /* Foundation.framework */,
				2B5EB70E19BFCD700013C45C /* CoreGraphics.framework */,
				2B5EB71019BFCD700013C45C /* UIKit.framework */,
				2B5EB72519BFCD700013C45C /* XCTest.framework */,
				04D27820EC6D43B3B62EDA64 /* libPods-AerisSDKDemo.a */,
			);
			name = Frameworks;
			sourceTree = "<group>";
		};
		2B5EB71219BFCD700013C45C /* AerisSDKDemo */ = {
			isa = PBXGroup;
			children = (
				2BA9DB1E1BF51A4D003D664F /* Classes */,
				2B5EB7C919BFCF5A0013C45C /* Other Sources */,
				2B5EB7D019BFCF5A0013C45C /* Resources */,
			);
			path = AerisSDKDemo;
			sourceTree = "<group>";
		};
		2B5EB7C919BFCF5A0013C45C /* Other Sources */ = {
			isa = PBXGroup;
			children = (
				2BEDF77B19C0D31000BECBB2 /* AerisSDKDemo-Info.plist */,
				2BEDF77C19C0D31000BECBB2 /* AerisSDKDemo-Prefix.pch */,
				2BEDF77D19C0D31000BECBB2 /* en.lproj */,
				2BEDF78019C0D31000BECBB2 /* Images.xcassets */,
				2BEDF76119C0CF7900BECBB2 /* main.m */,
			);
			path = "Other Sources";
			sourceTree = "<group>";
		};
		2B5EB7D019BFCF5A0013C45C /* Resources */ = {
			isa = PBXGroup;
			children = (
				2BA9DBBA1BF51B2E003D664F /* Launch.storyboard */,
			);
			path = Resources;
			sourceTree = "<group>";
		};
		2BA9DB1E1BF51A4D003D664F /* Classes */ = {
			isa = PBXGroup;
			children = (
				2BA9DB1F1BF51A4D003D664F /* AppDelegate.h */,
				2BA9DB201BF51A4D003D664F /* AppDelegate.m */,
				2BA9DB211BF51A4D003D664F /* AppleMapViewController.h */,
				2BA9DB221BF51A4D003D664F /* AppleMapViewController.m */,
				2BA9DB231BF51A4D003D664F /* BarGraphsViewController.h */,
				2BA9DB241BF51A4D003D664F /* BarGraphsViewController.m */,
				2BA9DB251BF51A4D003D664F /* CatalogViewController.h */,
				2BA9DB261BF51A4D003D664F /* CatalogViewController.m */,
				2BA9DB271BF51A4D003D664F /* Classes */,
				2BA9DB291BF51A4D003D664F /* Globals.h */,
				2BA9DB2A1BF51A4D003D664F /* Globals.m */,
				2BA9DB2B1BF51A4D003D664F /* GoogleMapViewController.h */,
				2BA9DB2C1BF51A4D003D664F /* GoogleMapViewController.m */,
				2BA9DB2D1BF51A4D003D664F /* GraphViewController.h */,
				2BA9DB2E1BF51A4D003D664F /* GraphViewController.m */,
				2BA9DB2F1BF51A4D003D664F /* GroupedListingViewController.h */,
				2BA9DB301BF51A4D003D664F /* GroupedListingViewController.m */,
				2BA9DB311BF51A4D003D664F /* ipad */,
				2BA9DB3C1BF51A4D003D664F /* iphone */,
				2BA9DB6D1BF51A4D003D664F /* LineGraphsViewController.h */,
				2BA9DB6E1BF51A4D003D664F /* LineGraphsViewController.m */,
				2BA9DB6F1BF51A4D003D664F /* ListingViewController.h */,
				2BA9DB701BF51A4D003D664F /* ListingViewController.m */,
				2BA9DB711BF51A4D003D664F /* LocationSearchViewController.h */,
				2BA9DB721BF51A4D003D664F /* LocationSearchViewController.m */,
				2BA9DB731BF51A4D003D664F /* MapboxMapConfig.h */,
				2BA9DB741BF51A4D003D664F /* MapboxMapConfig.m */,
				2BA9DB751BF51A4D003D664F /* MapboxMapViewController.h */,
				2BA9DB761BF51A4D003D664F /* MapboxMapViewController.m */,
				2BA9DB771BF51A4D003D664F /* MapViewController.h */,
				2BA9DB781BF51A4D003D664F /* MapViewController.m */,
				2BA9DB791BF51A4D003D664F /* Preferences.h */,
				2BA9DB7A1BF51A4D003D664F /* Preferences.m */,
				2BA9DB7B1BF51A4D003D664F /* SettingsViewController.h */,
				2BA9DB7C1BF51A4D003D664F /* SettingsViewController.m */,
				2BA9DB7D1BF51A4D003D664F /* UserLocationsManager.h */,
				2BA9DB7E1BF51A4D003D664F /* UserLocationsManager.m */,
				2BA9DB7F1BF51A4D003D664F /* views */,
			);
			path = Classes;
			sourceTree = SOURCE_ROOT;
		};
		2BA9DB271BF51A4D003D664F /* Classes */ = {
			isa = PBXGroup;
			children = (
				2BA9DB281BF51A4D003D664F /* iphone */,
			);
			path = Classes;
			sourceTree = "<group>";
		};
		2BA9DB281BF51A4D003D664F /* iphone */ = {
			isa = PBXGroup;
			children = (
			);
			path = iphone;
			sourceTree = "<group>";
		};
		2BA9DB311BF51A4D003D664F /* ipad */ = {
			isa = PBXGroup;
			children = (
				2BA9DB321BF51A4D003D664F /* BarGraphsViewController_iPad.h */,
				2BA9DB331BF51A4D003D664F /* BarGraphsViewController_iPad.m */,
				2BA9DB341BF51A4D003D664F /* DetailedWeatherViewController_iPad.h */,
				2BA9DB351BF51A4D003D664F /* DetailedWeatherViewController_iPad.m */,
				2BA9DB361BF51A4D003D664F /* IPadViewController.h */,
				2BA9DB371BF51A4D003D664F /* IPadViewController.m */,
				2BA9DB381BF51A4D003D664F /* LineGraphsViewController_iPad.h */,
				2BA9DB391BF51A4D003D664F /* LineGraphsViewController_iPad.m */,
				2BA9DB3A1BF51A4D003D664F /* ModelGraphsViewController_iPad.h */,
				2BA9DB3B1BF51A4D003D664F /* ModelGraphsViewController_iPad.m */,
			);
			path = ipad;
			sourceTree = "<group>";
		};
		2BA9DB3C1BF51A4D003D664F /* iphone */ = {
			isa = PBXGroup;
			children = (
				2BA9DB3D1BF51A4D003D664F /* AdvisoriesViewController.h */,
				2BA9DB3E1BF51A4D003D664F /* AdvisoriesViewController.m */,
				2BA9DB3F1BF51A4D003D664F /* ConvectiveOutlookViewController.h */,
				2BA9DB401BF51A4D003D664F /* ConvectiveOutlookViewController.m */,
				2BA9DB411BF51A4D003D664F /* DailySummariesViewController.h */,
				2BA9DB421BF51A4D003D664F /* DailySummariesViewController.m */,
				2BA9DB431BF51A4D003D664F /* DailySummaryGraphsViewController.h */,
				2BA9DB441BF51A4D003D664F /* DailySummaryGraphsViewController.m */,
				2BA9DB451BF51A4D003D664F /* DetailedWeatherViewController.h */,
				2BA9DB461BF51A4D003D664F /* DetailedWeatherViewController.m */,
				2BA9DB471BF51A4D003D664F /* DroughtMonitorViewController.h */,
				2BA9DB481BF51A4D003D664F /* DroughtMonitorViewController.m */,
				2BA9DB491BF51A4D003D664F /* EarthquakesViewController.h */,
				2BA9DB4A1BF51A4D003D664F /* EarthquakesViewController.m */,
				2BA9DB4B1BF51A4D003D664F /* ForecastBarGraphsViewController.h */,
				2BA9DB4C1BF51A4D003D664F /* ForecastBarGraphsViewController.m */,
				2BA9DB4D1BF51A4D003D664F /* ForecastLineGraphsViewController.h */,
				2BA9DB4E1BF51A4D003D664F /* ForecastLineGraphsViewController.m */,
				2BA9DB4F1BF51A4D003D664F /* ForecastViewController.h */,
				2BA9DB501BF51A4D003D664F /* ForecastViewController.m */,
				2BA9DB511BF51A4D003D664F /* IndicesViewController.h */,
				2BA9DB521BF51A4D003D664F /* IndicesViewController.m */,
				2BA9DB531BF51A4D003D664F /* ModelGraphsViewController.h */,
				2BA9DB541BF51A4D003D664F /* ModelGraphsViewController.m */,
				2BA9DB551BF51A4D003D664F /* MoonPhasesViewController.h */,
				2BA9DB561BF51A4D003D664F /* MoonPhasesViewController.m */,
				2BA9DB571BF51A4D003D664F /* NearbyObservationsViewController.h */,
				2BA9DB581BF51A4D003D664F /* NearbyObservationsViewController.m */,
				2BA9DB591BF51A4D003D664F /* NormalsViewController.h */,
				2BA9DB5A1BF51A4D003D664F /* NormalsViewController.m */,
				2BA9DB5B1BF51A4D003D664F /* RecentObservationsViewController.h */,
				2BA9DB5C1BF51A4D003D664F /* RecentObservationsViewController.m */,
				2BA9DB5D1BF51A4D003D664F /* RecentObsGraphViewController.h */,
				2BA9DB5E1BF51A4D003D664F /* RecentObsGraphViewController.m */,
				2BA9DB5F1BF51A4D003D664F /* RecordsViewController.h */,
				2BA9DB601BF51A4D003D664F /* RecordsViewController.m */,
				2BA9DB611BF51A4D003D664F /* StormCellsViewController.h */,
				2BA9DB621BF51A4D003D664F /* StormCellsViewController.m */,
				2BA9DB631BF51A4D003D664F /* StormReportsViewController.h */,
				2BA9DB641BF51A4D003D664F /* StormReportsViewController.m */,
				2BA9DB651BF51A4D003D664F /* SunMoonViewController.h */,
				2BA9DB661BF51A4D003D664F /* SunMoonViewController.m */,
				2BA9DB671BF51A4D003D664F /* ThreatsViewController.h */,
				2BA9DB681BF51A4D003D664F /* ThreatsViewController.m */,
				2BA9DB691BF51A4D003D664F /* TidesViewController.h */,
				2BA9DB6A1BF51A4D003D664F /* TidesViewController.m */,
				2BA9DB6B1BF51A4D003D664F /* WeekendWeatherViewController.h */,
				2BA9DB6C1BF51A4D003D664F /* WeekendWeatherViewController.m */,
			);
			path = iphone;
			sourceTree = "<group>";
		};
		2BA9DB7F1BF51A4D003D664F /* views */ = {
			isa = PBXGroup;
			children = (
				2BA9DB801BF51A4D003D664F /* GroupedTableViewCell.h */,
				2BA9DB811BF51A4D003D664F /* GroupedTableViewCell.m */,
				2BA9DB821BF51A4D003D664F /* ListingEventView.h */,
				2BA9DB831BF51A4D003D664F /* ListingEventView.m */,
				2BA9DB841BF51A4D003D664F /* ListingTableViewCell.h */,
				2BA9DB851BF51A4D003D664F /* ListingTableViewCell.m */,
				2BA9DB861BF51A4D003D664F /* MultilineTextTableViewCell.h */,
				2BA9DB871BF51A4D003D664F /* MultilineTextTableViewCell.m */,
			);
			path = views;
			sourceTree = "<group>";
		};
		2BEDF77D19C0D31000BECBB2 /* en.lproj */ = {
			isa = PBXGroup;
			children = (
				2BEDF77E19C0D31000BECBB2 /* InfoPlist.strings */,
			);
			name = en.lproj;
			path = "Other Sources/en.lproj";
			sourceTree = SOURCE_ROOT;
		};
		B4A0FDB9A5EF20212D214EA1 /* Pods */ = {
			isa = PBXGroup;
			children = (
				C55405D229A1A310F4644359 /* Pods-AerisSDKDemo.debug.xcconfig */,
				70ADACD707EA64B4E2166FF6 /* Pods-AerisSDKDemo.release.xcconfig */,
			);
			name = Pods;
			sourceTree = "<group>";
		};
/* End PBXGroup section */

/* Begin PBXNativeTarget section */
		2B5EB70819BFCD700013C45C /* AerisSDKDemo */ = {
			isa = PBXNativeTarget;
			buildConfigurationList = 2B5EB73519BFCD700013C45C /* Build configuration list for PBXNativeTarget "AerisSDKDemo" */;
			buildPhases = (
				45336EFD53E4412BB143761D /* Check Pods Manifest.lock */,
				2B5EB70519BFCD700013C45C /* Sources */,
				2B5EB70619BFCD700013C45C /* Frameworks */,
				2B5EB70719BFCD700013C45C /* Resources */,
				5645966CA4E545739CD8B09F /* Copy Pods Resources */,
			);
			buildRules = (
			);
			dependencies = (
			);
			name = AerisSDKDemo;
			productName = AerisSDKDemo;
			productReference = 2B5EB70919BFCD700013C45C /* AerisSDKDemo.app */;
			productType = "com.apple.product-type.application";
		};
/* End PBXNativeTarget section */

/* Begin PBXProject section */
		2B5EB70119BFCD700013C45C /* Project object */ = {
			isa = PBXProject;
			attributes = {
				LastUpgradeCheck = 0710;
				ORGANIZATIONNAME = "AerisWeather, LLC";
			};
			buildConfigurationList = 2B5EB70419BFCD700013C45C /* Build configuration list for PBXProject "AerisSDKDemo" */;
			compatibilityVersion = "Xcode 3.2";
			developmentRegion = English;
			hasScannedForEncodings = 0;
			knownRegions = (
				en,
			);
			mainGroup = 2B5EB70019BFCD700013C45C;
			productRefGroup = 2B5EB70A19BFCD700013C45C /* Products */;
			projectDirPath = "";
			projectRoot = "";
			targets = (
				2B5EB70819BFCD700013C45C /* AerisSDKDemo */,
			);
		};
/* End PBXProject section */

/* Begin PBXResourcesBuildPhase section */
		2B5EB70719BFCD700013C45C /* Resources */ = {
			isa = PBXResourcesBuildPhase;
			buildActionMask = 2147483647;
			files = (
				2BEDF78319C0D31000BECBB2 /* Images.xcassets in Resources */,
				2BEDF78219C0D31000BECBB2 /* InfoPlist.strings in Resources */,
				2BA9DBBB1BF51B2E003D664F /* Launch.storyboard in Resources */,
			);
			runOnlyForDeploymentPostprocessing = 0;
		};
/* End PBXResourcesBuildPhase section */

/* Begin PBXShellScriptBuildPhase section */
		45336EFD53E4412BB143761D /* Check Pods Manifest.lock */ = {
			isa = PBXShellScriptBuildPhase;
			buildActionMask = 2147483647;
			files = (
			);
			inputPaths = (
			);
			name = "Check Pods Manifest.lock";
			outputPaths = (
			);
			runOnlyForDeploymentPostprocessing = 0;
			shellPath = /bin/sh;
			shellScript = "diff \"${PODS_ROOT}/../Podfile.lock\" \"${PODS_ROOT}/Manifest.lock\" > /dev/null\nif [[ $? != 0 ]] ; then\n    cat << EOM\nerror: The sandbox is not in sync with the Podfile.lock. Run 'pod install' or update your CocoaPods installation.\nEOM\n    exit 1\nfi\n";
			showEnvVarsInLog = 0;
		};
		5645966CA4E545739CD8B09F /* Copy Pods Resources */ = {
			isa = PBXShellScriptBuildPhase;
			buildActionMask = 2147483647;
			files = (
			);
			inputPaths = (
			);
			name = "Copy Pods Resources";
			outputPaths = (
			);
			runOnlyForDeploymentPostprocessing = 0;
			shellPath = /bin/sh;
			shellScript = "\"${SRCROOT}/Pods/Target Support Files/Pods-AerisSDKDemo/Pods-AerisSDKDemo-resources.sh\"\n";
			showEnvVarsInLog = 0;
		};
/* End PBXShellScriptBuildPhase section */

/* Begin PBXSourcesBuildPhase section */
		2B5EB70519BFCD700013C45C /* Sources */ = {
			isa = PBXSourcesBuildPhase;
			buildActionMask = 2147483647;
			files = (
				2BA9DBA41BF51A4D003D664F /* RecentObservationsViewController.m in Sources */,
				2BA9DBA21BF51A4D003D664F /* NearbyObservationsViewController.m in Sources */,
				2BA9DBA31BF51A4D003D664F /* NormalsViewController.m in Sources */,
				2BA9DBAD1BF51A4D003D664F /* LineGraphsViewController.m in Sources */,
				2BA9DBA61BF51A4D003D664F /* RecordsViewController.m in Sources */,
				2BA9DBB91BF51A4D003D664F /* MultilineTextTableViewCell.m in Sources */,
				2BA9DB921BF51A4D003D664F /* IPadViewController.m in Sources */,
				2BA9DB9E1BF51A4D003D664F /* ForecastViewController.m in Sources */,
				2BA9DB991BF51A4D003D664F /* DetailedWeatherViewController.m in Sources */,
				2BA9DB881BF51A4D003D664F /* AppDelegate.m in Sources */,
				2BA9DBB01BF51A4D003D664F /* MapboxMapConfig.m in Sources */,
				2BA9DBB61BF51A4D003D664F /* GroupedTableViewCell.m in Sources */,
				2BA9DB9F1BF51A4D003D664F /* IndicesViewController.m in Sources */,
				2BA9DBB41BF51A4D003D664F /* SettingsViewController.m in Sources */,
				2BA9DBAB1BF51A4D003D664F /* TidesViewController.m in Sources */,
				2BA9DB9B1BF51A4D003D664F /* EarthquakesViewController.m in Sources */,
				2BA9DBA81BF51A4D003D664F /* StormReportsViewController.m in Sources */,
				2BA9DB981BF51A4D003D664F /* DailySummaryGraphsViewController.m in Sources */,
				2BA9DB951BF51A4D003D664F /* AdvisoriesViewController.m in Sources */,
				2BA9DB931BF51A4D003D664F /* LineGraphsViewController_iPad.m in Sources */,
				2BA9DB8E1BF51A4D003D664F /* GraphViewController.m in Sources */,
				2BA9DB911BF51A4D003D664F /* DetailedWeatherViewController_iPad.m in Sources */,
				2BA9DBAF1BF51A4D003D664F /* LocationSearchViewController.m in Sources */,
				2BA9DBA01BF51A4D003D664F /* ModelGraphsViewController.m in Sources */,
				2BA9DBB11BF51A4D003D664F /* MapboxMapViewController.m in Sources */,
				2BA9DBB71BF51A4D003D664F /* ListingEventView.m in Sources */,
				2BA9DBAE1BF51A4D003D664F /* ListingViewController.m in Sources */,
				2BA9DB8B1BF51A4D003D664F /* CatalogViewController.m in Sources */,
				2BA9DBA11BF51A4D003D664F /* MoonPhasesViewController.m in Sources */,
				2BA9DB941BF51A4D003D664F /* ModelGraphsViewController_iPad.m in Sources */,
				2BA9DBAC1BF51A4D003D664F /* WeekendWeatherViewController.m in Sources */,
				2BA9DB971BF51A4D003D664F /* DailySummariesViewController.m in Sources */,
				2BA9DB9C1BF51A4D003D664F /* ForecastBarGraphsViewController.m in Sources */,
				2BA9DBB81BF51A4D003D664F /* ListingTableViewCell.m in Sources */,
				2BA9DB901BF51A4D003D664F /* BarGraphsViewController_iPad.m in Sources */,
				2BA9DB8F1BF51A4D003D664F /* GroupedListingViewController.m in Sources */,
				2BA9DBAA1BF51A4D003D664F /* ThreatsViewController.m in Sources */,
				2BA9DBA91BF51A4D003D664F /* SunMoonViewController.m in Sources */,
				2BA9DB9A1BF51A4D003D664F /* DroughtMonitorViewController.m in Sources */,
				2BA9DBA51BF51A4D003D664F /* RecentObsGraphViewController.m in Sources */,
				2BA9DB961BF51A4D003D664F /* ConvectiveOutlookViewController.m in Sources */,
				2BA9DB8A1BF51A4D003D664F /* BarGraphsViewController.m in Sources */,
				2BA9DB891BF51A4D003D664F /* AppleMapViewController.m in Sources */,
				2BA9DB8C1BF51A4D003D664F /* Globals.m in Sources */,
				2BEDF76219C0CF7900BECBB2 /* main.m in Sources */,
				2BA9DBB51BF51A4D003D664F /* UserLocationsManager.m in Sources */,
				2BA9DB8D1BF51A4D003D664F /* GoogleMapViewController.m in Sources */,
				2BA9DBA71BF51A4D003D664F /* StormCellsViewController.m in Sources */,
				2BA9DB9D1BF51A4D003D664F /* ForecastLineGraphsViewController.m in Sources */,
				2BA9DBB21BF51A4D003D664F /* MapViewController.m in Sources */,
				2BA9DBB31BF51A4D003D664F /* Preferences.m in Sources */,
			);
			runOnlyForDeploymentPostprocessing = 0;
		};
/* End PBXSourcesBuildPhase section */

/* Begin PBXVariantGroup section */
		2BEDF77E19C0D31000BECBB2 /* InfoPlist.strings */ = {
			isa = PBXVariantGroup;
			children = (
				2BEDF77F19C0D31000BECBB2 /* en */,
			);
			name = InfoPlist.strings;
			sourceTree = "<group>";
		};
/* End PBXVariantGroup section */

/* Begin XCBuildConfiguration section */
		2B5EB73319BFCD700013C45C /* Debug */ = {
			isa = XCBuildConfiguration;
			buildSettings = {
				ALWAYS_SEARCH_USER_PATHS = NO;
				CLANG_CXX_LANGUAGE_STANDARD = "gnu++0x";
				CLANG_CXX_LIBRARY = "libc++";
				CLANG_ENABLE_MODULES = YES;
				CLANG_ENABLE_OBJC_ARC = YES;
				CLANG_WARN_BOOL_CONVERSION = YES;
				CLANG_WARN_CONSTANT_CONVERSION = YES;
				CLANG_WARN_DIRECT_OBJC_ISA_USAGE = YES_ERROR;
				CLANG_WARN_EMPTY_BODY = YES;
				CLANG_WARN_ENUM_CONVERSION = YES;
				CLANG_WARN_INT_CONVERSION = YES;
				CLANG_WARN_OBJC_ROOT_CLASS = YES_ERROR;
				CLANG_WARN__DUPLICATE_METHOD_MATCH = YES;
				"CODE_SIGN_IDENTITY[sdk=iphoneos*]" = "iPhone Developer";
				COPY_PHASE_STRIP = NO;
				ENABLE_TESTABILITY = YES;
				GCC_C_LANGUAGE_STANDARD = gnu99;
				GCC_DYNAMIC_NO_PIC = NO;
				GCC_OPTIMIZATION_LEVEL = 0;
				GCC_PREPROCESSOR_DEFINITIONS = (
					"DEBUG=1",
					"$(inherited)",
				);
				GCC_SYMBOLS_PRIVATE_EXTERN = NO;
				GCC_WARN_64_TO_32_BIT_CONVERSION = YES;
				GCC_WARN_ABOUT_RETURN_TYPE = YES_ERROR;
				GCC_WARN_UNDECLARED_SELECTOR = YES;
				GCC_WARN_UNINITIALIZED_AUTOS = YES_AGGRESSIVE;
				GCC_WARN_UNUSED_FUNCTION = YES;
				GCC_WARN_UNUSED_VARIABLE = YES;
				IPHONEOS_DEPLOYMENT_TARGET = 7.1;
				ONLY_ACTIVE_ARCH = YES;
				SDKROOT = iphoneos;
				TARGETED_DEVICE_FAMILY = "1,2";
			};
			name = Debug;
		};
		2B5EB73419BFCD700013C45C /* Release */ = {
			isa = XCBuildConfiguration;
			buildSettings = {
				ALWAYS_SEARCH_USER_PATHS = NO;
				CLANG_CXX_LANGUAGE_STANDARD = "gnu++0x";
				CLANG_CXX_LIBRARY = "libc++";
				CLANG_ENABLE_MODULES = YES;
				CLANG_ENABLE_OBJC_ARC = YES;
				CLANG_WARN_BOOL_CONVERSION = YES;
				CLANG_WARN_CONSTANT_CONVERSION = YES;
				CLANG_WARN_DIRECT_OBJC_ISA_USAGE = YES_ERROR;
				CLANG_WARN_EMPTY_BODY = YES;
				CLANG_WARN_ENUM_CONVERSION = YES;
				CLANG_WARN_INT_CONVERSION = YES;
				CLANG_WARN_OBJC_ROOT_CLASS = YES_ERROR;
				CLANG_WARN__DUPLICATE_METHOD_MATCH = YES;
				"CODE_SIGN_IDENTITY[sdk=iphoneos*]" = "iPhone Developer";
				COPY_PHASE_STRIP = YES;
				ENABLE_NS_ASSERTIONS = NO;
				GCC_C_LANGUAGE_STANDARD = gnu99;
				GCC_WARN_64_TO_32_BIT_CONVERSION = YES;
				GCC_WARN_ABOUT_RETURN_TYPE = YES_ERROR;
				GCC_WARN_UNDECLARED_SELECTOR = YES;
				GCC_WARN_UNINITIALIZED_AUTOS = YES_AGGRESSIVE;
				GCC_WARN_UNUSED_FUNCTION = YES;
				GCC_WARN_UNUSED_VARIABLE = YES;
				IPHONEOS_DEPLOYMENT_TARGET = 7.1;
				SDKROOT = iphoneos;
				TARGETED_DEVICE_FAMILY = "1,2";
				VALIDATE_PRODUCT = YES;
			};
			name = Release;
		};
		2B5EB73619BFCD700013C45C /* Debug */ = {
			isa = XCBuildConfiguration;
			baseConfigurationReference = C55405D229A1A310F4644359 /* Pods-AerisSDKDemo.debug.xcconfig */;
			buildSettings = {
				ASSETCATALOG_COMPILER_APPICON_NAME = AppIcon;
				FRAMEWORK_SEARCH_PATHS = (
					"$(inherited)",
					"/Users/nshipes/Projects/Aeris/iOS/releases/Demos/Aeris-iOS-Library/AerisSDK",
					"/Users/nshipes/Projects/Aeris/iOS/releases/Demos/Aeris-iOS-Library/Vendor/Google",
					"/Users/nshipes/Projects/Aeris/iOS/releases/Demos/Aeris-iOS-Library/Vendor/Mapbox",
				);
				GCC_PRECOMPILE_PREFIX_HEADER = YES;
				GCC_PREFIX_HEADER = "Other Sources/AerisSDKDemo-Prefix.pch";
				INFOPLIST_FILE = "Other Sources/AerisSDKDemo-Info.plist";
				IPHONEOS_DEPLOYMENT_TARGET = 7.0;
				PRODUCT_BUNDLE_IDENTIFIER = "com.aerisweather.$(PRODUCT_NAME:rfc1034identifier)";
				PRODUCT_NAME = "$(TARGET_NAME)";
				WRAPPER_EXTENSION = app;
			};
			name = Debug;
		};
		2B5EB73719BFCD700013C45C /* Release */ = {
			isa = XCBuildConfiguration;
			baseConfigurationReference = 70ADACD707EA64B4E2166FF6 /* Pods-AerisSDKDemo.release.xcconfig */;
			buildSettings = {
				ASSETCATALOG_COMPILER_APPICON_NAME = AppIcon;
				FRAMEWORK_SEARCH_PATHS = (
					"$(inherited)",
					"/Users/nshipes/Projects/Aeris/iOS/releases/Demos/Aeris-iOS-Library/AerisSDK",
					"/Users/nshipes/Projects/Aeris/iOS/releases/Demos/Aeris-iOS-Library/Vendor/Google",
					"/Users/nshipes/Projects/Aeris/iOS/releases/Demos/Aeris-iOS-Library/Vendor/Mapbox",
				);
				GCC_PRECOMPILE_PREFIX_HEADER = YES;
				GCC_PREFIX_HEADER = "Other Sources/AerisSDKDemo-Prefix.pch";
				INFOPLIST_FILE = "Other Sources/AerisSDKDemo-Info.plist";
				IPHONEOS_DEPLOYMENT_TARGET = 7.0;
				PRODUCT_BUNDLE_IDENTIFIER = "com.aerisweather.$(PRODUCT_NAME:rfc1034identifier)";
				PRODUCT_NAME = "$(TARGET_NAME)";
				WRAPPER_EXTENSION = app;
			};
			name = Release;
		};
/* End XCBuildConfiguration section */

/* Begin XCConfigurationList section */
		2B5EB70419BFCD700013C45C /* Build configuration list for PBXProject "AerisSDKDemo" */ = {
			isa = XCConfigurationList;
			buildConfigurations = (
				2B5EB73319BFCD700013C45C /* Debug */,
				2B5EB73419BFCD700013C45C /* Release */,
			);
			defaultConfigurationIsVisible = 0;
			defaultConfigurationName = Release;
		};
		2B5EB73519BFCD700013C45C /* Build configuration list for PBXNativeTarget "AerisSDKDemo" */ = {
			isa = XCConfigurationList;
			buildConfigurations = (
				2B5EB73619BFCD700013C45C /* Debug */,
				2B5EB73719BFCD700013C45C /* Release */,
			);
			defaultConfigurationIsVisible = 0;
			defaultConfigurationName = Release;
		};
/* End XCConfigurationList section */
	};
	rootObject = 2B5EB70119BFCD700013C45C /* Project object */;
}
